// !$*UTF8*$!
{
	archiveVersion = 1;
	classes = {
	};
	objectVersion = 46;
	objects = {

/* Begin PBXBuildFile section */
		4904AA2E1C4E3C9300541F75 /* brightness.png in Resources */ = {isa = PBXBuildFile; fileRef = 4904AA291C4E3C9300541F75 /* brightness.png */; };
		4904AA2F1C4E3C9300541F75 /* brightness@2x.png in Resources */ = {isa = PBXBuildFile; fileRef = 4904AA2A1C4E3C9300541F75 /* brightness@2x.png */; };
		4904AA301C4E3C9300541F75 /* brightness@3x.png in Resources */ = {isa = PBXBuildFile; fileRef = 4904AA2B1C4E3C9300541F75 /* brightness@3x.png */; };
		490B502D1C4BF65700510104 /* AppDelegate.m in Sources */ = {isa = PBXBuildFile; fileRef = 490B502C1C4BF65700510104 /* AppDelegate.m */; };
		490B50301C4BF65700510104 /* main.m in Sources */ = {isa = PBXBuildFile; fileRef = 490B502F1C4BF65700510104 /* main.m */; };
		490B50331C4BF65700510104 /* ViewController.m in Sources */ = {isa = PBXBuildFile; fileRef = 490B50321C4BF65700510104 /* ViewController.m */; };
		490B50351C4BF65700510104 /* Assets.xcassets in Resources */ = {isa = PBXBuildFile; fileRef = 490B50341C4BF65700510104 /* Assets.xcassets */; };
		490B50381C4BF65700510104 /* Main.storyboard in Resources */ = {isa = PBXBuildFile; fileRef = 490B50361C4BF65700510104 /* Main.storyboard */; };
		490B50431C4BF65700510104 /* OSDisplayTests.m in Sources */ = {isa = PBXBuildFile; fileRef = 490B50421C4BF65700510104 /* OSDisplayTests.m */; };
		490B504E1C4BF65700510104 /* OSDisplayUITests.m in Sources */ = {isa = PBXBuildFile; fileRef = 490B504D1C4BF65700510104 /* OSDisplayUITests.m */; };
		491156991C5A236300EE30A9 /* eject.png in Resources */ = {isa = PBXBuildFile; fileRef = 491156961C5A236300EE30A9 /* eject.png */; };
		4911569A1C5A236300EE30A9 /* eject@2x.png in Resources */ = {isa = PBXBuildFile; fileRef = 491156971C5A236300EE30A9 /* eject@2x.png */; };
		4911569B1C5A236300EE30A9 /* eject@3x.png in Resources */ = {isa = PBXBuildFile; fileRef = 491156981C5A236300EE30A9 /* eject@3x.png */; };
		491B34991C4E487400F42725 /* contrast.png in Resources */ = {isa = PBXBuildFile; fileRef = 491B34931C4E487400F42725 /* contrast.png */; };
		491B349A1C4E487400F42725 /* contrast@2x.png in Resources */ = {isa = PBXBuildFile; fileRef = 491B34941C4E487400F42725 /* contrast@2x.png */; };
		491B349B1C4E487400F42725 /* contrast@3x.png in Resources */ = {isa = PBXBuildFile; fileRef = 491B34951C4E487400F42725 /* contrast@3x.png */; };
		491B349C1C4E487400F42725 /* monitor.png in Resources */ = {isa = PBXBuildFile; fileRef = 491B34961C4E487400F42725 /* monitor.png */; };
		491B349D1C4E487400F42725 /* monitor@2x.png in Resources */ = {isa = PBXBuildFile; fileRef = 491B34971C4E487400F42725 /* monitor@2x.png */; };
		491B349E1C4E487400F42725 /* monitor@3x.png in Resources */ = {isa = PBXBuildFile; fileRef = 491B34981C4E487400F42725 /* monitor@3x.png */; };
		491B34A21C4E4ECF00F42725 /* information.png in Resources */ = {isa = PBXBuildFile; fileRef = 491B349F1C4E4ECF00F42725 /* information.png */; };
		491B34A31C4E4ECF00F42725 /* information@2x.png in Resources */ = {isa = PBXBuildFile; fileRef = 491B34A01C4E4ECF00F42725 /* information@2x.png */; };
		491B34A41C4E4ECF00F42725 /* information@3x.png in Resources */ = {isa = PBXBuildFile; fileRef = 491B34A11C4E4ECF00F42725 /* information@3x.png */; };
		49D2FB4D1C5272F0000A1AF4 /* monster.png in Resources */ = {isa = PBXBuildFile; fileRef = 49D2FB4A1C5272F0000A1AF4 /* monster.png */; };
		49D2FB4E1C5272F0000A1AF4 /* monster@2x.png in Resources */ = {isa = PBXBuildFile; fileRef = 49D2FB4B1C5272F0000A1AF4 /* monster@2x.png */; };
		49D2FB4F1C5272F0000A1AF4 /* monster@3x.png in Resources */ = {isa = PBXBuildFile; fileRef = 49D2FB4C1C5272F0000A1AF4 /* monster@3x.png */; };
/* End PBXBuildFile section */

/* Begin PBXContainerItemProxy section */
		490B503F1C4BF65700510104 /* PBXContainerItemProxy */ = {
			isa = PBXContainerItemProxy;
			containerPortal = 490B50201C4BF65700510104 /* Project object */;
			proxyType = 1;
			remoteGlobalIDString = 490B50271C4BF65700510104;
			remoteInfo = OSDisplay;
		};
		490B504A1C4BF65700510104 /* PBXContainerItemProxy */ = {
			isa = PBXContainerItemProxy;
			containerPortal = 490B50201C4BF65700510104 /* Project object */;
			proxyType = 1;
			remoteGlobalIDString = 490B50271C4BF65700510104;
			remoteInfo = OSDisplay;
		};
/* End PBXContainerItemProxy section */

/* Begin PBXFileReference section */
		4904AA291C4E3C9300541F75 /* brightness.png */ = {isa = PBXFileReference; lastKnownFileType = image.png; path = brightness.png; sourceTree = "<group>"; };
		4904AA2A1C4E3C9300541F75 /* brightness@2x.png */ = {isa = PBXFileReference; lastKnownFileType = image.png; path = "brightness@2x.png"; sourceTree = "<group>"; };
		4904AA2B1C4E3C9300541F75 /* brightness@3x.png */ = {isa = PBXFileReference; lastKnownFileType = image.png; path = "brightness@3x.png"; sourceTree = "<group>"; };
		490B50281C4BF65700510104 /* OSDisplay.app */ = {isa = PBXFileReference; explicitFileType = wrapper.application; includeInIndex = 0; path = OSDisplay.app; sourceTree = BUILT_PRODUCTS_DIR; };
		490B502B1C4BF65700510104 /* AppDelegate.h */ = {isa = PBXFileReference; lastKnownFileType = sourcecode.c.h; path = AppDelegate.h; sourceTree = "<group>"; };
		490B502C1C4BF65700510104 /* AppDelegate.m */ = {isa = PBXFileReference; lastKnownFileType = sourcecode.c.objc; path = AppDelegate.m; sourceTree = "<group>"; };
		490B502F1C4BF65700510104 /* main.m */ = {isa = PBXFileReference; lastKnownFileType = sourcecode.c.objc; path = main.m; sourceTree = "<group>"; };
		490B50311C4BF65700510104 /* ViewController.h */ = {isa = PBXFileReference; lastKnownFileType = sourcecode.c.h; path = ViewController.h; sourceTree = "<group>"; };
		490B50321C4BF65700510104 /* ViewController.m */ = {isa = PBXFileReference; lastKnownFileType = sourcecode.c.objc; path = ViewController.m; sourceTree = "<group>"; };
		490B50341C4BF65700510104 /* Assets.xcassets */ = {isa = PBXFileReference; lastKnownFileType = folder.assetcatalog; path = Assets.xcassets; sourceTree = "<group>"; };
		490B50371C4BF65700510104 /* Base */ = {isa = PBXFileReference; lastKnownFileType = file.storyboard; name = Base; path = Base.lproj/Main.storyboard; sourceTree = "<group>"; };
		490B50391C4BF65700510104 /* Info.plist */ = {isa = PBXFileReference; lastKnownFileType = text.plist.xml; path = Info.plist; sourceTree = "<group>"; };
		490B503E1C4BF65700510104 /* OSDisplayTests.xctest */ = {isa = PBXFileReference; explicitFileType = wrapper.cfbundle; includeInIndex = 0; path = OSDisplayTests.xctest; sourceTree = BUILT_PRODUCTS_DIR; };
		490B50421C4BF65700510104 /* OSDisplayTests.m */ = {isa = PBXFileReference; lastKnownFileType = sourcecode.c.objc; path = OSDisplayTests.m; sourceTree = "<group>"; };
		490B50441C4BF65700510104 /* Info.plist */ = {isa = PBXFileReference; lastKnownFileType = text.plist.xml; path = Info.plist; sourceTree = "<group>"; };
		490B50491C4BF65700510104 /* OSDisplayUITests.xctest */ = {isa = PBXFileReference; explicitFileType = wrapper.cfbundle; includeInIndex = 0; path = OSDisplayUITests.xctest; sourceTree = BUILT_PRODUCTS_DIR; };
		490B504D1C4BF65700510104 /* OSDisplayUITests.m */ = {isa = PBXFileReference; lastKnownFileType = sourcecode.c.objc; path = OSDisplayUITests.m; sourceTree = "<group>"; };
		490B504F1C4BF65700510104 /* Info.plist */ = {isa = PBXFileReference; lastKnownFileType = text.plist.xml; path = Info.plist; sourceTree = "<group>"; };
		491156961C5A236300EE30A9 /* eject.png */ = {isa = PBXFileReference; lastKnownFileType = image.png; path = eject.png; sourceTree = "<group>"; };
		491156971C5A236300EE30A9 /* eject@2x.png */ = {isa = PBXFileReference; lastKnownFileType = image.png; path = "eject@2x.png"; sourceTree = "<group>"; };
		491156981C5A236300EE30A9 /* eject@3x.png */ = {isa = PBXFileReference; lastKnownFileType = image.png; path = "eject@3x.png"; sourceTree = "<group>"; };
		491B34931C4E487400F42725 /* contrast.png */ = {isa = PBXFileReference; lastKnownFileType = image.png; path = contrast.png; sourceTree = "<group>"; };
		491B34941C4E487400F42725 /* contrast@2x.png */ = {isa = PBXFileReference; lastKnownFileType = image.png; path = "contrast@2x.png"; sourceTree = "<group>"; };
		491B34951C4E487400F42725 /* contrast@3x.png */ = {isa = PBXFileReference; lastKnownFileType = image.png; path = "contrast@3x.png"; sourceTree = "<group>"; };
		491B34961C4E487400F42725 /* monitor.png */ = {isa = PBXFileReference; lastKnownFileType = image.png; path = monitor.png; sourceTree = "<group>"; };
		491B34971C4E487400F42725 /* monitor@2x.png */ = {isa = PBXFileReference; lastKnownFileType = image.png; path = "monitor@2x.png"; sourceTree = "<group>"; };
		491B34981C4E487400F42725 /* monitor@3x.png */ = {isa = PBXFileReference; lastKnownFileType = image.png; path = "monitor@3x.png"; sourceTree = "<group>"; };
		491B349F1C4E4ECF00F42725 /* information.png */ = {isa = PBXFileReference; lastKnownFileType = image.png; path = information.png; sourceTree = "<group>"; };
		491B34A01C4E4ECF00F42725 /* information@2x.png */ = {isa = PBXFileReference; lastKnownFileType = image.png; path = "information@2x.png"; sourceTree = "<group>"; };
		491B34A11C4E4ECF00F42725 /* information@3x.png */ = {isa = PBXFileReference; lastKnownFileType = image.png; path = "information@3x.png"; sourceTree = "<group>"; };
		49D2FB4A1C5272F0000A1AF4 /* monster.png */ = {isa = PBXFileReference; lastKnownFileType = image.png; path = monster.png; sourceTree = "<group>"; };
		49D2FB4B1C5272F0000A1AF4 /* monster@2x.png */ = {isa = PBXFileReference; lastKnownFileType = image.png; path = "monster@2x.png"; sourceTree = "<group>"; };
		49D2FB4C1C5272F0000A1AF4 /* monster@3x.png */ = {isa = PBXFileReference; lastKnownFileType = image.png; path = "monster@3x.png"; sourceTree = "<group>"; };
/* End PBXFileReference section */

/* Begin PBXFrameworksBuildPhase section */
		490B50251C4BF65700510104 /* Frameworks */ = {
			isa = PBXFrameworksBuildPhase;
			buildActionMask = 2147483647;
			files = (
			);
			runOnlyForDeploymentPostprocessing = 0;
		};
		490B503B1C4BF65700510104 /* Frameworks */ = {
			isa = PBXFrameworksBuildPhase;
			buildActionMask = 2147483647;
			files = (
			);
			runOnlyForDeploymentPostprocessing = 0;
		};
		490B50461C4BF65700510104 /* Frameworks */ = {
			isa = PBXFrameworksBuildPhase;
			buildActionMask = 2147483647;
			files = (
			);
			runOnlyForDeploymentPostprocessing = 0;
		};
/* End PBXFrameworksBuildPhase section */

/* Begin PBXGroup section */
		4904AA281C4E3C9300541F75 /* Images */ = {
			isa = PBXGroup;
			children = (
				491156961C5A236300EE30A9 /* eject.png */,
				491156971C5A236300EE30A9 /* eject@2x.png */,
				491156981C5A236300EE30A9 /* eject@3x.png */,
				49D2FB4A1C5272F0000A1AF4 /* monster.png */,
				49D2FB4B1C5272F0000A1AF4 /* monster@2x.png */,
				49D2FB4C1C5272F0000A1AF4 /* monster@3x.png */,
				491B349F1C4E4ECF00F42725 /* information.png */,
				491B34A01C4E4ECF00F42725 /* information@2x.png */,
				491B34A11C4E4ECF00F42725 /* information@3x.png */,
				491B34931C4E487400F42725 /* contrast.png */,
				491B34941C4E487400F42725 /* contrast@2x.png */,
				491B34951C4E487400F42725 /* contrast@3x.png */,
				491B34961C4E487400F42725 /* monitor.png */,
				491B34971C4E487400F42725 /* monitor@2x.png */,
				491B34981C4E487400F42725 /* monitor@3x.png */,
				4904AA291C4E3C9300541F75 /* brightness.png */,
				4904AA2A1C4E3C9300541F75 /* brightness@2x.png */,
				4904AA2B1C4E3C9300541F75 /* brightness@3x.png */,
			);
			path = Images;
			sourceTree = "<group>";
		};
		490B501F1C4BF65700510104 = {
			isa = PBXGroup;
			children = (
				490B502A1C4BF65700510104 /* OSDisplay */,
				490B50411C4BF65700510104 /* OSDisplayTests */,
				490B504C1C4BF65700510104 /* OSDisplayUITests */,
				490B50291C4BF65700510104 /* Products */,
			);
			sourceTree = "<group>";
		};
		490B50291C4BF65700510104 /* Products */ = {
			isa = PBXGroup;
			children = (
				490B50281C4BF65700510104 /* OSDisplay.app */,
				490B503E1C4BF65700510104 /* OSDisplayTests.xctest */,
				490B50491C4BF65700510104 /* OSDisplayUITests.xctest */,
			);
			name = Products;
			sourceTree = "<group>";
		};
		490B502A1C4BF65700510104 /* OSDisplay */ = {
			isa = PBXGroup;
			children = (
				490B502B1C4BF65700510104 /* AppDelegate.h */,
				490B502C1C4BF65700510104 /* AppDelegate.m */,
				490B50311C4BF65700510104 /* ViewController.h */,
				490B50321C4BF65700510104 /* ViewController.m */,
				490B50341C4BF65700510104 /* Assets.xcassets */,
				490B50361C4BF65700510104 /* Main.storyboard */,
				490B50391C4BF65700510104 /* Info.plist */,
				490B502E1C4BF65700510104 /* Supporting Files */,
			);
			path = OSDisplay;
			sourceTree = "<group>";
		};
		490B502E1C4BF65700510104 /* Supporting Files */ = {
			isa = PBXGroup;
			children = (
				4904AA281C4E3C9300541F75 /* Images */,
				490B502F1C4BF65700510104 /* main.m */,
			);
			name = "Supporting Files";
			sourceTree = "<group>";
		};
		490B50411C4BF65700510104 /* OSDisplayTests */ = {
			isa = PBXGroup;
			children = (
				490B50421C4BF65700510104 /* OSDisplayTests.m */,
				490B50441C4BF65700510104 /* Info.plist */,
			);
			path = OSDisplayTests;
			sourceTree = "<group>";
		};
		490B504C1C4BF65700510104 /* OSDisplayUITests */ = {
			isa = PBXGroup;
			children = (
				490B504D1C4BF65700510104 /* OSDisplayUITests.m */,
				490B504F1C4BF65700510104 /* Info.plist */,
			);
			path = OSDisplayUITests;
			sourceTree = "<group>";
		};
/* End PBXGroup section */

/* Begin PBXNativeTarget section */
		490B50271C4BF65700510104 /* OSDisplay */ = {
			isa = PBXNativeTarget;
			buildConfigurationList = 490B50521C4BF65700510104 /* Build configuration list for PBXNativeTarget "OSDisplay" */;
			buildPhases = (
				490B50241C4BF65700510104 /* Sources */,
				490B50251C4BF65700510104 /* Frameworks */,
				490B50261C4BF65700510104 /* Resources */,
			);
			buildRules = (
			);
			dependencies = (
			);
			name = OSDisplay;
			productName = OSDisplay;
			productReference = 490B50281C4BF65700510104 /* OSDisplay.app */;
			productType = "com.apple.product-type.application";
		};
		490B503D1C4BF65700510104 /* OSDisplayTests */ = {
			isa = PBXNativeTarget;
			buildConfigurationList = 490B50551C4BF65700510104 /* Build configuration list for PBXNativeTarget "OSDisplayTests" */;
			buildPhases = (
				490B503A1C4BF65700510104 /* Sources */,
				490B503B1C4BF65700510104 /* Frameworks */,
				490B503C1C4BF65700510104 /* Resources */,
			);
			buildRules = (
			);
			dependencies = (
				490B50401C4BF65700510104 /* PBXTargetDependency */,
			);
			name = OSDisplayTests;
			productName = OSDisplayTests;
			productReference = 490B503E1C4BF65700510104 /* OSDisplayTests.xctest */;
			productType = "com.apple.product-type.bundle.unit-test";
		};
		490B50481C4BF65700510104 /* OSDisplayUITests */ = {
			isa = PBXNativeTarget;
			buildConfigurationList = 490B50581C4BF65700510104 /* Build configuration list for PBXNativeTarget "OSDisplayUITests" */;
			buildPhases = (
				490B50451C4BF65700510104 /* Sources */,
				490B50461C4BF65700510104 /* Frameworks */,
				490B50471C4BF65700510104 /* Resources */,
			);
			buildRules = (
			);
			dependencies = (
				490B504B1C4BF65700510104 /* PBXTargetDependency */,
			);
			name = OSDisplayUITests;
			productName = OSDisplayUITests;
			productReference = 490B50491C4BF65700510104 /* OSDisplayUITests.xctest */;
			productType = "com.apple.product-type.bundle.ui-testing";
		};
/* End PBXNativeTarget section */

/* Begin PBXProject section */
		490B50201C4BF65700510104 /* Project object */ = {
			isa = PBXProject;
			attributes = {
				LastUpgradeCheck = 0820;
				ORGANIZATIONNAME = "Marc Wernecke";
				TargetAttributes = {
					490B50271C4BF65700510104 = {
						CreatedOnToolsVersion = 7.2;
					};
					490B503D1C4BF65700510104 = {
						CreatedOnToolsVersion = 7.2;
						TestTargetID = 490B50271C4BF65700510104;
					};
					490B50481C4BF65700510104 = {
						CreatedOnToolsVersion = 7.2;
						TestTargetID = 490B50271C4BF65700510104;
					};
				};
			};
			buildConfigurationList = 490B50231C4BF65700510104 /* Build configuration list for PBXProject "OSDisplay" */;
			compatibilityVersion = "Xcode 3.2";
			developmentRegion = English;
			hasScannedForEncodings = 0;
			knownRegions = (
				en,
				Base,
			);
			mainGroup = 490B501F1C4BF65700510104;
			productRefGroup = 490B50291C4BF65700510104 /* Products */;
			projectDirPath = "";
			projectRoot = "";
			targets = (
				490B50271C4BF65700510104 /* OSDisplay */,
				490B503D1C4BF65700510104 /* OSDisplayTests */,
				490B50481C4BF65700510104 /* OSDisplayUITests */,
			);
		};
/* End PBXProject section */

/* Begin PBXResourcesBuildPhase section */
		490B50261C4BF65700510104 /* Resources */ = {
			isa = PBXResourcesBuildPhase;
			buildActionMask = 2147483647;
			files = (
				491B34A21C4E4ECF00F42725 /* information.png in Resources */,
				4904AA2E1C4E3C9300541F75 /* brightness.png in Resources */,
				490B50351C4BF65700510104 /* Assets.xcassets in Resources */,
				49D2FB4E1C5272F0000A1AF4 /* monster@2x.png in Resources */,
				491B34A31C4E4ECF00F42725 /* information@2x.png in Resources */,
				491156991C5A236300EE30A9 /* eject.png in Resources */,
				49D2FB4F1C5272F0000A1AF4 /* monster@3x.png in Resources */,
				490B50381C4BF65700510104 /* Main.storyboard in Resources */,
				491B349E1C4E487400F42725 /* monitor@3x.png in Resources */,
				491B349C1C4E487400F42725 /* monitor.png in Resources */,
				491B349B1C4E487400F42725 /* contrast@3x.png in Resources */,
				49D2FB4D1C5272F0000A1AF4 /* monster.png in Resources */,
				4904AA301C4E3C9300541F75 /* brightness@3x.png in Resources */,
				4911569B1C5A236300EE30A9 /* eject@3x.png in Resources */,
				4904AA2F1C4E3C9300541F75 /* brightness@2x.png in Resources */,
				491B34A41C4E4ECF00F42725 /* information@3x.png in Resources */,
				491B34991C4E487400F42725 /* contrast.png in Resources */,
				491B349A1C4E487400F42725 /* contrast@2x.png in Resources */,
				4911569A1C5A236300EE30A9 /* eject@2x.png in Resources */,
				491B349D1C4E487400F42725 /* monitor@2x.png in Resources */,
			);
			runOnlyForDeploymentPostprocessing = 0;
		};
		490B503C1C4BF65700510104 /* Resources */ = {
			isa = PBXResourcesBuildPhase;
			buildActionMask = 2147483647;
			files = (
			);
			runOnlyForDeploymentPostprocessing = 0;
		};
		490B50471C4BF65700510104 /* Resources */ = {
			isa = PBXResourcesBuildPhase;
			buildActionMask = 2147483647;
			files = (
			);
			runOnlyForDeploymentPostprocessing = 0;
		};
/* End PBXResourcesBuildPhase section */

/* Begin PBXSourcesBuildPhase section */
		490B50241C4BF65700510104 /* Sources */ = {
			isa = PBXSourcesBuildPhase;
			buildActionMask = 2147483647;
			files = (
				490B50331C4BF65700510104 /* ViewController.m in Sources */,
				490B50301C4BF65700510104 /* main.m in Sources */,
				490B502D1C4BF65700510104 /* AppDelegate.m in Sources */,
			);
			runOnlyForDeploymentPostprocessing = 0;
		};
		490B503A1C4BF65700510104 /* Sources */ = {
			isa = PBXSourcesBuildPhase;
			buildActionMask = 2147483647;
			files = (
				490B50431C4BF65700510104 /* OSDisplayTests.m in Sources */,
			);
			runOnlyForDeploymentPostprocessing = 0;
		};
		490B50451C4BF65700510104 /* Sources */ = {
			isa = PBXSourcesBuildPhase;
			buildActionMask = 2147483647;
			files = (
				490B504E1C4BF65700510104 /* OSDisplayUITests.m in Sources */,
			);
			runOnlyForDeploymentPostprocessing = 0;
		};
/* End PBXSourcesBuildPhase section */

/* Begin PBXTargetDependency section */
		490B50401C4BF65700510104 /* PBXTargetDependency */ = {
			isa = PBXTargetDependency;
			target = 490B50271C4BF65700510104 /* OSDisplay */;
			targetProxy = 490B503F1C4BF65700510104 /* PBXContainerItemProxy */;
		};
		490B504B1C4BF65700510104 /* PBXTargetDependency */ = {
			isa = PBXTargetDependency;
			target = 490B50271C4BF65700510104 /* OSDisplay */;
			targetProxy = 490B504A1C4BF65700510104 /* PBXContainerItemProxy */;
		};
/* End PBXTargetDependency section */

/* Begin PBXVariantGroup section */
		490B50361C4BF65700510104 /* Main.storyboard */ = {
			isa = PBXVariantGroup;
			children = (
				490B50371C4BF65700510104 /* Base */,
			);
			name = Main.storyboard;
			sourceTree = "<group>";
		};
/* End PBXVariantGroup section */

/* Begin XCBuildConfiguration section */
		490B50501C4BF65700510104 /* Debug */ = {
			isa = XCBuildConfiguration;
			buildSettings = {
				ALWAYS_SEARCH_USER_PATHS = NO;
				CLANG_CXX_LANGUAGE_STANDARD = "gnu++0x";
				CLANG_CXX_LIBRARY = "libc++";
				CLANG_ENABLE_MODULES = YES;
				CLANG_ENABLE_OBJC_ARC = YES;
				CLANG_WARN_BOOL_CONVERSION = YES;
				CLANG_WARN_CONSTANT_CONVERSION = YES;
				CLANG_WARN_DIRECT_OBJC_ISA_USAGE = YES_ERROR;
				CLANG_WARN_EMPTY_BODY = YES;
				CLANG_WARN_ENUM_CONVERSION = YES;
				CLANG_WARN_INFINITE_RECURSION = YES;
				CLANG_WARN_INT_CONVERSION = YES;
				CLANG_WARN_OBJC_ROOT_CLASS = YES_ERROR;
				CLANG_WARN_SUSPICIOUS_MOVE = YES;
				CLANG_WARN_UNREACHABLE_CODE = YES;
				CLANG_WARN__DUPLICATE_METHOD_MATCH = YES;
				CODE_SIGN_IDENTITY = "-";
				COPY_PHASE_STRIP = NO;
				DEBUG_INFORMATION_FORMAT = dwarf;
				ENABLE_STRICT_OBJC_MSGSEND = YES;
				ENABLE_TESTABILITY = YES;
				GCC_C_LANGUAGE_STANDARD = gnu99;
				GCC_DYNAMIC_NO_PIC = NO;
				GCC_NO_COMMON_BLOCKS = YES;
				GCC_OPTIMIZATION_LEVEL = 0;
				GCC_PREPROCESSOR_DEFINITIONS = (
					"DEBUG=1",
					"$(inherited)",
				);
				GCC_WARN_64_TO_32_BIT_CONVERSION = YES;
				GCC_WARN_ABOUT_RETURN_TYPE = YES_ERROR;
				GCC_WARN_UNDECLARED_SELECTOR = YES;
				GCC_WARN_UNINITIALIZED_AUTOS = YES_AGGRESSIVE;
				GCC_WARN_UNUSED_FUNCTION = YES;
				GCC_WARN_UNUSED_VARIABLE = YES;
				MACOSX_DEPLOYMENT_TARGET = 10.11;
				MTL_ENABLE_DEBUG_INFO = YES;
				ONLY_ACTIVE_ARCH = YES;
				SDKROOT = macosx;
			};
			name = Debug;
		};
		490B50511C4BF65700510104 /* Release */ = {
			isa = XCBuildConfiguration;
			buildSettings = {
				ALWAYS_SEARCH_USER_PATHS = NO;
				CLANG_CXX_LANGUAGE_STANDARD = "gnu++0x";
				CLANG_CXX_LIBRARY = "libc++";
				CLANG_ENABLE_MODULES = YES;
				CLANG_ENABLE_OBJC_ARC = YES;
				CLANG_WARN_BOOL_CONVERSION = YES;
				CLANG_WARN_CONSTANT_CONVERSION = YES;
				CLANG_WARN_DIRECT_OBJC_ISA_USAGE = YES_ERROR;
				CLANG_WARN_EMPTY_BODY = YES;
				CLANG_WARN_ENUM_CONVERSION = YES;
				CLANG_WARN_INFINITE_RECURSION = YES;
				CLANG_WARN_INT_CONVERSION = YES;
				CLANG_WARN_OBJC_ROOT_CLASS = YES_ERROR;
				CLANG_WARN_SUSPICIOUS_MOVE = YES;
				CLANG_WARN_UNREACHABLE_CODE = YES;
				CLANG_WARN__DUPLICATE_METHOD_MATCH = YES;
				CODE_SIGN_IDENTITY = "-";
				COPY_PHASE_STRIP = NO;
				DEBUG_INFORMATION_FORMAT = "dwarf-with-dsym";
				ENABLE_NS_ASSERTIONS = NO;
				ENABLE_STRICT_OBJC_MSGSEND = YES;
				GCC_C_LANGUAGE_STANDARD = gnu99;
				GCC_NO_COMMON_BLOCKS = YES;
				GCC_WARN_64_TO_32_BIT_CONVERSION = YES;
				GCC_WARN_ABOUT_RETURN_TYPE = YES_ERROR;
				GCC_WARN_UNDECLARED_SELECTOR = YES;
				GCC_WARN_UNINITIALIZED_AUTOS = YES_AGGRESSIVE;
				GCC_WARN_UNUSED_FUNCTION = YES;
				GCC_WARN_UNUSED_VARIABLE = YES;
				MACOSX_DEPLOYMENT_TARGET = 10.11;
				MTL_ENABLE_DEBUG_INFO = NO;
				SDKROOT = macosx;
			};
			name = Release;
		};
		490B50531C4BF65700510104 /* Debug */ = {
			isa = XCBuildConfiguration;
			buildSettings = {
				ASSETCATALOG_COMPILER_APPICON_NAME = AppIcon;
				COMBINE_HIDPI_IMAGES = YES;
				INFOPLIST_FILE = OSDisplay/Info.plist;
				LD_RUNPATH_SEARCH_PATHS = "$(inherited) @executable_path/../Frameworks";
				PRODUCT_BUNDLE_IDENTIFIER = "de.zulu-entertainment.OSDisplay";
				PRODUCT_NAME = "$(TARGET_NAME)";
			};
			name = Debug;
		};
		490B50541C4BF65700510104 /* Release */ = {
			isa = XCBuildConfiguration;
			buildSettings = {
				ASSETCATALOG_COMPILER_APPICON_NAME = AppIcon;
				COMBINE_HIDPI_IMAGES = YES;
				INFOPLIST_FILE = OSDisplay/Info.plist;
				LD_RUNPATH_SEARCH_PATHS = "$(inherited) @executable_path/../Frameworks";
				PRODUCT_BUNDLE_IDENTIFIER = "de.zulu-entertainment.OSDisplay";
				PRODUCT_NAME = "$(TARGET_NAME)";
			};
			name = Release;
		};
		490B50561C4BF65700510104 /* Debug */ = {
			isa = XCBuildConfiguration;
			buildSettings = {
				BUNDLE_LOADER = "$(TEST_HOST)";
				COMBINE_HIDPI_IMAGES = YES;
				INFOPLIST_FILE = OSDisplayTests/Info.plist;
				LD_RUNPATH_SEARCH_PATHS = "$(inherited) @executable_path/../Frameworks @loader_path/../Frameworks";
				PRODUCT_BUNDLE_IDENTIFIER = "de.zulu-entertainment.OSDisplayTests";
				PRODUCT_NAME = "$(TARGET_NAME)";
				TEST_HOST = "$(BUILT_PRODUCTS_DIR)/OSDisplay.app/Contents/MacOS/OSDisplay";
			};
			name = Debug;
		};
		490B50571C4BF65700510104 /* Release */ = {
			isa = XCBuildConfiguration;
			buildSettings = {
				BUNDLE_LOADER = "$(TEST_HOST)";
				COMBINE_HIDPI_IMAGES = YES;
				INFOPLIST_FILE = OSDisplayTests/Info.plist;
				LD_RUNPATH_SEARCH_PATHS = "$(inherited) @executable_path/../Frameworks @loader_path/../Frameworks";
				PRODUCT_BUNDLE_IDENTIFIER = "de.zulu-entertainment.OSDisplayTests";
				PRODUCT_NAME = "$(TARGET_NAME)";
				TEST_HOST = "$(BUILT_PRODUCTS_DIR)/OSDisplay.app/Contents/MacOS/OSDisplay";
			};
			name = Release;
		};
		490B50591C4BF65700510104 /* Debug */ = {
			isa = XCBuildConfiguration;
			buildSettings = {
				COMBINE_HIDPI_IMAGES = YES;
				INFOPLIST_FILE = OSDisplayUITests/Info.plist;
				LD_RUNPATH_SEARCH_PATHS = "$(inherited) @executable_path/../Frameworks @loader_path/../Frameworks";
				PRODUCT_BUNDLE_IDENTIFIER = "de.zulu-entertainment.OSDisplayUITests";
				PRODUCT_NAME = "$(TARGET_NAME)";
				TEST_TARGET_NAME = OSDisplay;
				USES_XCTRUNNER = YES;
			};
			name = Debug;
		};
		490B505A1C4BF65700510104 /* Release */ = {
			isa = XCBuildConfiguration;
			buildSettings = {
				COMBINE_HIDPI_IMAGES = YES;
				INFOPLIST_FILE = OSDisplayUITests/Info.plist;
				LD_RUNPATH_SEARCH_PATHS = "$(inherited) @executable_path/../Frameworks @loader_path/../Frameworks";
				PRODUCT_BUNDLE_IDENTIFIER = "de.zulu-entertainment.OSDisplayUITests";
				PRODUCT_NAME = "$(TARGET_NAME)";
				TEST_TARGET_NAME = OSDisplay;
				USES_XCTRUNNER = YES;
			};
			name = Release;
		};
/* End XCBuildConfiguration section */

/* Begin XCConfigurationList section */
		490B50231C4BF65700510104 /* Build configuration list for PBXProject "OSDisplay" */ = {
			isa = XCConfigurationList;
			buildConfigurations = (
				490B50501C4BF65700510104 /* Debug */,
				490B50511C4BF65700510104 /* Release */,
			);
			defaultConfigurationIsVisible = 0;
			defaultConfigurationName = Release;
		};
		490B50521C4BF65700510104 /* Build configuration list for PBXNativeTarget "OSDisplay" */ = {
			isa = XCConfigurationList;
			buildConfigurations = (
				490B50531C4BF65700510104 /* Debug */,
				490B50541C4BF65700510104 /* Release */,
			);
			defaultConfigurationIsVisible = 0;
			defaultConfigurationName = Release;
		};
		490B50551C4BF65700510104 /* Build configuration list for PBXNativeTarget "OSDisplayTests" */ = {
			isa = XCConfigurationList;
			buildConfigurations = (
				490B50561C4BF65700510104 /* Debug */,
				490B50571C4BF65700510104 /* Release */,
			);
			defaultConfigurationIsVisible = 0;
			defaultConfigurationName = Release;
		};
		490B50581C4BF65700510104 /* Build configuration list for PBXNativeTarget "OSDisplayUITests" */ = {
			isa = XCConfigurationList;
			buildConfigurations = (
				490B50591C4BF65700510104 /* Debug */,
				490B505A1C4BF65700510104 /* Release */,
			);
			defaultConfigurationIsVisible = 0;
			defaultConfigurationName = Release;
		};
/* End XCConfigurationList section */
	};
	rootObject = 490B50201C4BF65700510104 /* Project object */;
}
